lockfileVersion: '6.0'

settings:
  autoInstallPeers: true
  excludeLinksFromLockfile: false

dependencies:
  prosemirror-menu:
    specifier: ^1.2.4
    version: 1.2.4
  prosemirror-state:
    specifier: ^1.4.3
    version: 1.4.3
  prosemirror-view:
    specifier: ^1.32.7
    version: 1.32.7

devDependencies:
  '@types/node':
    specifier: ^20.11.10
    version: 20.11.10
  typescript:
    specifier: ^5.3.3
    version: 5.3.3

packages:

  /@types/node@20.11.10:
    resolution: {integrity: sha512-rZEfe/hJSGYmdfX9tvcPMYeYPW2sNl50nsw4jZmRcaG0HIAb0WYEpsB05GOb53vjqpyE9GUhlDQ4jLSoB5q9kg==}
    dependencies:
      undici-types: 5.26.5
    dev: true

  /crelt@1.0.6:
    resolution: {integrity: sha512-VQ2MBenTq1fWZUH9DJNGti7kKv6EeAuYr3cLwxUWhIu1baTaXh4Ib5W2CqHVqib4/MqbYGJqiL3Zb8GJZr3l4g==}
    dev: false

  /orderedmap@2.1.1:
    resolution: {integrity: sha512-TvAWxi0nDe1j/rtMcWcIj94+Ffe6n7zhow33h40SKxmsmozs6dz/e+EajymfoFcHd7sxNn8yHM8839uixMOV6g==}
    dev: false

  /prosemirror-commands@1.5.2:
    resolution: {integrity: sha512-hgLcPaakxH8tu6YvVAaILV2tXYsW3rAdDR8WNkeKGcgeMVQg3/TMhPdVoh7iAmfgVjZGtcOSjKiQaoeKjzd2mQ==}
    dependencies:
      prosemirror-model: 1.19.4
      prosemirror-state: 1.4.3
      prosemirror-transform: 1.8.0
    dev: false

  /prosemirror-history@1.3.2:
    resolution: {integrity: sha512-/zm0XoU/N/+u7i5zepjmZAEnpvjDtzoPWW6VmKptcAnPadN/SStsBjMImdCEbb3seiNTpveziPTIrXQbHLtU1g==}
    dependencies:
      prosemirror-state: 1.4.3
      prosemirror-transform: 1.8.0
      prosemirror-view: 1.32.7
      rope-sequence: 1.3.4
    dev: false

  /prosemirror-menu@1.2.4:
    resolution: {integrity: sha512-S/bXlc0ODQup6aiBbWVsX/eM+xJgCTAfMq/nLqaO5ID/am4wS0tTCIkzwytmao7ypEtjj39i7YbJjAgO20mIqA==}
    dependencies:
      crelt: 1.0.6
      prosemirror-commands: 1.5.2
      prosemirror-history: 1.3.2
      prosemirror-state: 1.4.3
    dev: false

  /prosemirror-model@1.19.4:
    resolution: {integrity: sha512-RPmVXxUfOhyFdayHawjuZCxiROsm9L4FCUA6pWI+l7n2yCBsWy9VpdE1hpDHUS8Vad661YLY9AzqfjLhAKQ4iQ==}
    dependencies:
      orderedmap: 2.1.1
    dev: false

  /prosemirror-state@1.4.3:
    resolution: {integrity: sha512-goFKORVbvPuAQaXhpbemJFRKJ2aixr+AZMGiquiqKxaucC6hlpHNZHWgz5R7dS4roHiwq9vDctE//CZ++o0W1Q==}
    dependencies:
      prosemirror-model: 1.19.4
      prosemirror-transform: 1.8.0
      prosemirror-view: 1.32.7
    dev: false

  /prosemirror-transform@1.8.0:
    resolution: {integrity: sha512-BaSBsIMv52F1BVVMvOmp1yzD3u65uC3HTzCBQV1WDPqJRQ2LuHKcyfn0jwqodo8sR9vVzMzZyI+Dal5W9E6a9A==}
    dependencies:
      prosemirror-model: 1.19.4
    dev: false

  /prosemirror-view@1.32.7:
    resolution: {integrity: sha512-pvxiOoD4shW41X5bYDjRQk3DSG4fMqxh36yPMt7VYgU3dWRmqFzWJM/R6zeo1KtC8nyk717ZbQND3CC9VNeptw==}
    dependencies:
      prosemirror-model: 1.19.4
      prosemirror-state: 1.4.3
      prosemirror-transform: 1.8.0
    dev: false

  /rope-sequence@1.3.4:
    resolution: {integrity: sha512-UT5EDe2cu2E/6O4igUr5PSFs23nvvukicWHx6GnOPlHAiiYbzNuCRQCuiUdHJQcqKalLKlrYJnjY0ySGsXNQXQ==}
    dev: false

  /typescript@5.3.3:
    resolution: {integrity: sha512-pXWcraxM0uxAS+tN0AG/BF2TyqmHO014Z070UsJ+pFvYuRSq8KH8DmWpnbXe0pEPDHXZV3FcAbJkijJ5oNEnWw==}
    engines: {node: '>=14.17'}
    hasBin: true
    dev: true

  /undici-types@5.26.5:
    resolution: {integrity: sha512-JlCMO+ehdEIKqlFxk6IfVoAUVmgz7cU7zD/h9XZ0qzeosSHmUJVOzSQvvYSYWXkFXC+IfLKSIffhv0sVZup6pA==}
    dev: true
